
Microsoft Visual Studio Solution File, Format Version 12.00
# Visual Studio Version 17
VisualStudioVersion = 17.8.34330.188
MinimumVisualStudioVersion = 10.0.40219.1
Project("{9A19103F-16F7-4668-BE54-9A1E7A4F7556}") = "IMS.WebApp", "IMS.WebApp\IMS.WebApp.csproj", "{043474FA-89E5-45E1-8A8A-60DE2E56AE8C}"
EndProject
Project("{FAE04EC0-301F-11D3-BF4B-00C04F79EFBC}") = "IMS.UseCases", "IMS.UseCases\IMS.UseCases.csproj", "{ABF08035-2291-487B-9F54-E0B0E814E3F1}"
EndProject
Project("{FAE04EC0-301F-11D3-BF4B-00C04F79EFBC}") = "IMS.CoreBusiness", "IMS.CoreBusiness\IMS.CoreBusiness.csproj", "{013FC2F6-34F0-4337-BA0D-079D2BB3395E}"
EndProject
Global
	GlobalSection(SolutionConfigurationPlatforms) = preSolution
		Debug|Any CPU = Debug|Any CPU
		Release|Any CPU = Release|Any CPU
	EndGlobalSection
	GlobalSection(ProjectConfigurationPlatforms) = postSolution
		{043474FA-89E5-45E1-8A8A-60DE2E56AE8C}.Debug|Any CPU.ActiveCfg = Debug|Any CPU
		{043474FA-89E5-45E1-8A8A-60DE2E56AE8C}.Debug|Any CPU.Build.0 = Debug|Any CPU
		{043474FA-89E5-45E1-8A8A-60DE2E56AE8C}.Release|Any CPU.ActiveCfg = Release|Any CPU
		{043474FA-89E5-45E1-8A8A-60DE2E56AE8C}.Release|Any CPU.Build.0 = Release|Any CPU
		{ABF08035-2291-487B-9F54-E0B0E814E3F1}.Debug|Any CPU.ActiveCfg = Debug|Any CPU
		{ABF08035-2291-487B-9F54-E0B0E814E3F1}.Debug|Any CPU.Build.0 = Debug|Any CPU
		{ABF08035-2291-487B-9F54-E0B0E814E3F1}.Release|Any CPU.ActiveCfg = Release|Any CPU
		{ABF08035-2291-487B-9F54-E0B0E814E3F1}.Release|Any CPU.Build.0 = Release|Any CPU
		{013FC2F6-34F0-4337-BA0D-079D2BB3395E}.Debug|Any CPU.ActiveCfg = Debug|Any CPU
		{013FC2F6-34F0-4337-BA0D-079D2BB3395E}.Debug|Any CPU.Build.0 = Debug|Any CPU
		{013FC2F6-34F0-4337-BA0D-079D2BB3395E}.Release|Any CPU.ActiveCfg = Release|Any CPU
		{013FC2F6-34F0-4337-BA0D-079D2BB3395E}.Release|Any CPU.Build.0 = Release|Any CPU
	EndGlobalSection
	GlobalSection(SolutionProperties) = preSolution
		HideSolutionNode = FALSE
	EndGlobalSection
	GlobalSection(ExtensibilityGlobals) = postSolution
		SolutionGuid = {D677964A-71BB-40B1-8E46-365606BAD391}
	EndGlobalSection
EndGlobal
